
Microsoft Visual Studio Solution File, Format Version 12.00
# Visual Studio Version 16
VisualStudioVersion = 16.0.30413.136
MinimumVisualStudioVersion = 10.0.40219.1
Project("{FAE04EC0-301F-11D3-BF4B-00C04F79EFBC}") = "WizLib", "WizLib\WizLib.csproj", "{F5D6C264-58AF-4A2D-BB25-EFE725BBC81E}"
EndProject
Project("{FAE04EC0-301F-11D3-BF4B-00C04F79EFBC}") = "WizLib.DataAccess", "WizLib.DataAccess\WizLib.DataAccess.csproj", "{6DAF525C-C71D-4FDE-84E5-A77B3E6EE85A}"
EndProject
Project("{FAE04EC0-301F-11D3-BF4B-00C04F79EFBC}") = "WizLib.Model", "WizLib.Model\WizLib.Model.csproj", "{D114C00C-5B5F-412C-A945-9D9EC2F45F38}"
EndProject
Global
	GlobalSection(SolutionConfigurationPlatforms) = preSolution
		Debug|Any CPU = Debug|Any CPU
		Release|Any CPU = Release|Any CPU
	EndGlobalSection
	GlobalSection(ProjectConfigurationPlatforms) = postSolution
		{F5D6C264-58AF-4A2D-BB25-EFE725BBC81E}.Debug|Any CPU.ActiveCfg = Debug|Any CPU
		{F5D6C264-58AF-4A2D-BB25-EFE725BBC81E}.Debug|Any CPU.Build.0 = Debug|Any CPU
		{F5D6C264-58AF-4A2D-BB25-EFE725BBC81E}.Release|Any CPU.ActiveCfg = Release|Any CPU
		{F5D6C264-58AF-4A2D-BB25-EFE725BBC81E}.Release|Any CPU.Build.0 = Release|Any CPU
		{6DAF525C-C71D-4FDE-84E5-A77B3E6EE85A}.Debug|Any CPU.ActiveCfg = Debug|Any CPU
		{6DAF525C-C71D-4FDE-84E5-A77B3E6EE85A}.Debug|Any CPU.Build.0 = Debug|Any CPU
		{6DAF525C-C71D-4FDE-84E5-A77B3E6EE85A}.Release|Any CPU.ActiveCfg = Release|Any CPU
		{6DAF525C-C71D-4FDE-84E5-A77B3E6EE85A}.Release|Any CPU.Build.0 = Release|Any CPU
		{D114C00C-5B5F-412C-A945-9D9EC2F45F38}.Debug|Any CPU.ActiveCfg = Debug|Any CPU
		{D114C00C-5B5F-412C-A945-9D9EC2F45F38}.Debug|Any CPU.Build.0 = Debug|Any CPU
		{D114C00C-5B5F-412C-A945-9D9EC2F45F38}.Release|Any CPU.ActiveCfg = Release|Any CPU
		{D114C00C-5B5F-412C-A945-9D9EC2F45F38}.Release|Any CPU.Build.0 = Release|Any CPU
	EndGlobalSection
	GlobalSection(SolutionProperties) = preSolution
		HideSolutionNode = FALSE
	EndGlobalSection
	GlobalSection(ExtensibilityGlobals) = postSolution
		SolutionGuid = {A3898ED3-50CD-4337-98C6-5E931E0CC178}
	EndGlobalSection
EndGlobal
